github.com/clarketm/json v1.17.1 h1:U1IxjqJkJ7bRK4L6dyphmoO840P6bdhPdbbLySourqI=
github.com/clarketm/json v1.17.1/go.mod h1:ynr2LRfb0fQU34l07csRNBTcivjySLLiY1YzQqKVfdo=
github.com/gorilla/mux v1.8.0 h1:i40aqfkR1h2SlN9hojwV5ZA91wcXFOvkdNIeFDP5koI=
github.com/gorilla/mux v1.8.0/go.mod h1:DVbg23sWSpFRCP0SfiEN6jmj59UnW/n46BH5rLB71So=
